Microsoft Visual Studio Solution File, Format Version 12.00
# Visual Studio 2012
Project("{FAE04EC0-301F-11D3-BF4B-00C04F79EFBC}") = "UnnamedBattleSim", "UnnamedBattleSim.csproj", "{93B44B1B-5FE7-4F2C-87D8-B89BB8DD633D}"
EndProject
Global
	GlobalSection(SolutionConfigurationPlatforms) = preSolution
	Debug|Any CPU = Debug|Any CPU
	Release|Any CPU = Release|Any CPU
	Tools|Any CPU = Tools|Any CPU
	EndGlobalSection
	GlobalSection(ProjectConfigurationPlatforms) = postSolution
		{93B44B1B-5FE7-4F2C-87D8-B89BB8DD633D}.Debug|Any CPU.ActiveCfg = Debug|Any CPU
		{93B44B1B-5FE7-4F2C-87D8-B89BB8DD633D}.Debug|Any CPU.Build.0 = Debug|Any CPU
		{93B44B1B-5FE7-4F2C-87D8-B89BB8DD633D}.Release|Any CPU.ActiveCfg = Release|Any CPU
		{93B44B1B-5FE7-4F2C-87D8-B89BB8DD633D}.Release|Any CPU.Build.0 = Release|Any CPU
		{93B44B1B-5FE7-4F2C-87D8-B89BB8DD633D}.Tools|Any CPU.ActiveCfg = Tools|Any CPU
		{93B44B1B-5FE7-4F2C-87D8-B89BB8DD633D}.Tools|Any CPU.Build.0 = Tools|Any CPU
	EndGlobalSection
EndGlobal
